
Microsoft Visual Studio Solution File, Format Version 12.00
# Visual Studio Version 16
VisualStudioVersion = 16.0.28917.181
MinimumVisualStudioVersion = 10.0.40219.1
Project("{FAE04EC0-301F-11D3-BF4B-00C04F79EFBC}") = "WR file sorting app", "WR file sorting app\WR file sorting app.csproj", "{66BA9DF0-857F-4F95-99CC-BF161C97E142}"
EndProject
Global
	GlobalSection(SolutionConfigurationPlatforms) = preSolution
		Debug|Any CPU = Debug|Any CPU
		Release|Any CPU = Release|Any CPU
	EndGlobalSection
	GlobalSection(ProjectConfigurationPlatforms) = postSolution
		{66BA9DF0-857F-4F95-99CC-BF161C97E142}.Debug|Any CPU.ActiveCfg = Debug|Any CPU
		{66BA9DF0-857F-4F95-99CC-BF161C97E142}.Debug|Any CPU.Build.0 = Debug|Any CPU
		{66BA9DF0-857F-4F95-99CC-BF161C97E142}.Release|Any CPU.ActiveCfg = Release|Any CPU
		{66BA9DF0-857F-4F95-99CC-BF161C97E142}.Release|Any CPU.Build.0 = Release|Any CPU
	EndGlobalSection
	GlobalSection(SolutionProperties) = preSolution
		HideSolutionNode = FALSE
	EndGlobalSection
	GlobalSection(ExtensibilityGlobals) = postSolution
		SolutionGuid = {4413EA32-0AE3-456C-AD37-0C770B40EAF7}
	EndGlobalSection
EndGlobal
